// !$*UTF8*$!
{
	archiveVersion = 1;
	classes = {
	};
	objectVersion = 46;
	objects = {

/* Begin PBXBuildFile section */
		082409231BFD1D4200535E97 /* CoreLocation.framework in Frameworks */ = {isa = PBXBuildFile; fileRef = 082409221BFD1D4200535E97 /* CoreLocation.framework */; };
		082CCC0E1BBE442B00019D90 /* MapKit.framework in Frameworks */ = {isa = PBXBuildFile; fileRef = 082CCC0D1BBE442B00019D90 /* MapKit.framework */; };
		082EE3B51C15EAD40016966F /* favViewController.m in Sources */ = {isa = PBXBuildFile; fileRef = 082EE3B41C15EAD40016966F /* favViewController.m */; };
		08B2C8941BD8253F00055413 /* mapViewController.m in Sources */ = {isa = PBXBuildFile; fileRef = 08B2C8931BD8253F00055413 /* mapViewController.m */; };
		08B4AE691BDCB65300725B38 /* signUp.m in Sources */ = {isa = PBXBuildFile; fileRef = 08B4AE681BDCB65300725B38 /* signUp.m */; };
		08C9921D1BC5B304005DC9A7 /* detailPage.m in Sources */ = {isa = PBXBuildFile; fileRef = 08C9921C1BC5B304005DC9A7 /* detailPage.m */; };
		08C992231BC73308005DC9A7 /* UIKit.framework in Frameworks */ = {isa = PBXBuildFile; fileRef = 08C992221BC73308005DC9A7 /* UIKit.framework */; };
		08D10A461BBC755100F6A8F3 /* main.m in Sources */ = {isa = PBXBuildFile; fileRef = 08D10A451BBC755100F6A8F3 /* main.m */; };
		08D10A4C1BBC755100F6A8F3 /* ViewController.m in Sources */ = {isa = PBXBuildFile; fileRef = 08D10A4B1BBC755100F6A8F3 /* ViewController.m */; };
		08D10A4F1BBC755100F6A8F3 /* Main.storyboard in Resources */ = {isa = PBXBuildFile; fileRef = 08D10A4D1BBC755100F6A8F3 /* Main.storyboard */; };
		08D10A511BBC755100F6A8F3 /* Assets.xcassets in Resources */ = {isa = PBXBuildFile; fileRef = 08D10A501BBC755100F6A8F3 /* Assets.xcassets */; };
		08D10A541BBC755100F6A8F3 /* LaunchScreen.storyboard in Resources */ = {isa = PBXBuildFile; fileRef = 08D10A521BBC755100F6A8F3 /* LaunchScreen.storyboard */; };
		08D10A5D1BBC767900F6A8F3 /* ListView.m in Sources */ = {isa = PBXBuildFile; fileRef = 08D10A5C1BBC767900F6A8F3 /* ListView.m */; };
		08D10A661BBC9D8300F6A8F3 /* ListCell.m in Sources */ = {isa = PBXBuildFile; fileRef = 08D10A651BBC9D8300F6A8F3 /* ListCell.m */; };
		08E52E161BD1A3FA00EDBE1F /* loginPageViewController.m in Sources */ = {isa = PBXBuildFile; fileRef = 08E52E151BD1A3FA00EDBE1F /* loginPageViewController.m */; };
		3023091D1BDD6E9A0045CB98 /* AppDelegate.m in Sources */ = {isa = PBXBuildFile; fileRef = 302309161BDD6E9A0045CB98 /* AppDelegate.m */; };
/* End PBXBuildFile section */

/* Begin PBXFileReference section */
		082409221BFD1D4200535E97 /* CoreLocation.framework */ = {isa = PBXFileReference; lastKnownFileType = wrapper.framework; name = CoreLocation.framework; path = System/Library/Frameworks/CoreLocation.framework; sourceTree = SDKROOT; };
		082CCC0D1BBE442B00019D90 /* MapKit.framework */ = {isa = PBXFileReference; lastKnownFileType = wrapper.framework; name = MapKit.framework; path = System/Library/Frameworks/MapKit.framework; sourceTree = SDKROOT; };
		082EE3B31C15EAD40016966F /* favViewController.h */ = {isa = PBXFileReference; fileEncoding = 4; lastKnownFileType = sourcecode.c.h; path = favViewController.h; sourceTree = "<group>"; };
		082EE3B41C15EAD40016966F /* favViewController.m */ = {isa = PBXFileReference; fileEncoding = 4; lastKnownFileType = sourcecode.c.objc; path = favViewController.m; sourceTree = "<group>"; };
		08B2C8921BD8253F00055413 /* mapViewController.h */ = {isa = PBXFileReference; fileEncoding = 4; lastKnownFileType = sourcecode.c.h; path = mapViewController.h; sourceTree = "<group>"; };
		08B2C8931BD8253F00055413 /* mapViewController.m */ = {isa = PBXFileReference; fileEncoding = 4; lastKnownFileType = sourcecode.c.objc; path = mapViewController.m; sourceTree = "<group>"; };
		08B4AE671BDCB65300725B38 /* signUp.h */ = {isa = PBXFileReference; fileEncoding = 4; lastKnownFileType = sourcecode.c.h; path = signUp.h; sourceTree = "<group>"; };
		08B4AE681BDCB65300725B38 /* signUp.m */ = {isa = PBXFileReference; fileEncoding = 4; lastKnownFileType = sourcecode.c.objc; path = signUp.m; sourceTree = "<group>"; };
		08C9921B1BC5B304005DC9A7 /* detailPage.h */ = {isa = PBXFileReference; fileEncoding = 4; lastKnownFileType = sourcecode.c.h; path = detailPage.h; sourceTree = "<group>"; };
		08C9921C1BC5B304005DC9A7 /* detailPage.m */ = {isa = PBXFileReference; fileEncoding = 4; lastKnownFileType = sourcecode.c.objc; path = detailPage.m; sourceTree = "<group>"; };
		08C992221BC73308005DC9A7 /* UIKit.framework */ = {isa = PBXFileReference; lastKnownFileType = wrapper.framework; name = UIKit.framework; path = System/Library/Frameworks/UIKit.framework; sourceTree = SDKROOT; };
		08D10A411BBC755100F6A8F3 /* Cuisine.app */ = {isa = PBXFileReference; explicitFileType = wrapper.application; includeInIndex = 0; path = Cuisine.app; sourceTree = BUILT_PRODUCTS_DIR; };
		08D10A451BBC755100F6A8F3 /* main.m */ = {isa = PBXFileReference; lastKnownFileType = sourcecode.c.objc; path = main.m; sourceTree = "<group>"; };
		08D10A471BBC755100F6A8F3 /* AppDelegate.h */ = {isa = PBXFileReference; lastKnownFileType = sourcecode.c.h; path = AppDelegate.h; sourceTree = "<group>"; };
		08D10A4A1BBC755100F6A8F3 /* ViewController.h */ = {isa = PBXFileReference; lastKnownFileType = sourcecode.c.h; path = ViewController.h; sourceTree = "<group>"; };
		08D10A4B1BBC755100F6A8F3 /* ViewController.m */ = {isa = PBXFileReference; lastKnownFileType = sourcecode.c.objc; path = ViewController.m; sourceTree = "<group>"; };
		08D10A4E1BBC755100F6A8F3 /* Base */ = {isa = PBXFileReference; lastKnownFileType = file.storyboard; name = Base; path = Base.lproj/Main.storyboard; sourceTree = "<group>"; };
		08D10A501BBC755100F6A8F3 /* Assets.xcassets */ = {isa = PBXFileReference; lastKnownFileType = folder.assetcatalog; path = Assets.xcassets; sourceTree = "<group>"; };
		08D10A531BBC755100F6A8F3 /* Base */ = {isa = PBXFileReference; lastKnownFileType = file.storyboard; name = Base; path = Base.lproj/LaunchScreen.storyboard; sourceTree = "<group>"; };
		08D10A551BBC755100F6A8F3 /* Info.plist */ = {isa = PBXFileReference; lastKnownFileType = text.plist.xml; path = Info.plist; sourceTree = "<group>"; };
		08D10A5B1BBC767900F6A8F3 /* ListView.h */ = {isa = PBXFileReference; fileEncoding = 4; lastKnownFileType = sourcecode.c.h; path = ListView.h; sourceTree = "<group>"; };
		08D10A5C1BBC767900F6A8F3 /* ListView.m */ = {isa = PBXFileReference; fileEncoding = 4; lastKnownFileType = sourcecode.c.objc; path = ListView.m; sourceTree = "<group>"; };
		08D10A641BBC9D8300F6A8F3 /* ListCell.h */ = {isa = PBXFileReference; fileEncoding = 4; lastKnownFileType = sourcecode.c.h; path = ListCell.h; sourceTree = "<group>"; };
		08D10A651BBC9D8300F6A8F3 /* ListCell.m */ = {isa = PBXFileReference; fileEncoding = 4; lastKnownFileType = sourcecode.c.objc; path = ListCell.m; sourceTree = "<group>"; };
		08E52E141BD1A3E800EDBE1F /* loginPageViewController.h */ = {isa = PBXFileReference; fileEncoding = 4; lastKnownFileType = sourcecode.c.h; path = loginPageViewController.h; sourceTree = "<group>"; };
		08E52E151BD1A3FA00EDBE1F /* loginPageViewController.m */ = {isa = PBXFileReference; fileEncoding = 4; lastKnownFileType = sourcecode.c.objc; path = loginPageViewController.m; sourceTree = "<group>"; };
		302309161BDD6E9A0045CB98 /* AppDelegate.m */ = {isa = PBXFileReference; fileEncoding = 4; lastKnownFileType = sourcecode.c.objc; path = AppDelegate.m; sourceTree = "<group>"; };
/* End PBXFileReference section */

/* Begin PBXFrameworksBuildPhase section */
		08D10A3E1BBC755100F6A8F3 /* Frameworks */ = {
			isa = PBXFrameworksBuildPhase;
			buildActionMask = 2147483647;
			files = (
				082409231BFD1D4200535E97 /* CoreLocation.framework in Frameworks */,
				08C992231BC73308005DC9A7 /* UIKit.framework in Frameworks */,
				082CCC0E1BBE442B00019D90 /* MapKit.framework in Frameworks */,
			);
			runOnlyForDeploymentPostprocessing = 0;
		};
/* End PBXFrameworksBuildPhase section */

/* Begin PBXGroup section */
		084025631C0412BC00A925CE /* lib */ = {
			isa = PBXGroup;
			children = (
				08C992221BC73308005DC9A7 /* UIKit.framework */,
				082CCC0D1BBE442B00019D90 /* MapKit.framework */,
				082409221BFD1D4200535E97 /* CoreLocation.framework */,
			);
			name = lib;
			sourceTree = "<group>";
		};
		08D10A381BBC755100F6A8F3 = {
			isa = PBXGroup;
			children = (
				08D10A431BBC755100F6A8F3 /* Cuisine */,
				08D10A421BBC755100F6A8F3 /* Products */,
			);
			sourceTree = "<group>";
		};
		08D10A421BBC755100F6A8F3 /* Products */ = {
			isa = PBXGroup;
			children = (
				08D10A411BBC755100F6A8F3 /* Cuisine.app */,
			);
			name = Products;
			sourceTree = "<group>";
		};
		08D10A431BBC755100F6A8F3 /* Cuisine */ = {
			isa = PBXGroup;
			children = (
				302309161BDD6E9A0045CB98 /* AppDelegate.m */,
				08D10A471BBC755100F6A8F3 /* AppDelegate.h */,
				08B4AE671BDCB65300725B38 /* signUp.h */,
				08B4AE681BDCB65300725B38 /* signUp.m */,
				08E52E141BD1A3E800EDBE1F /* loginPageViewController.h */,
				08E52E151BD1A3FA00EDBE1F /* loginPageViewController.m */,
				08C9921B1BC5B304005DC9A7 /* detailPage.h */,
				08C9921C1BC5B304005DC9A7 /* detailPage.m */,
				08B2C8921BD8253F00055413 /* mapViewController.h */,
				08B2C8931BD8253F00055413 /* mapViewController.m */,
				08D10A641BBC9D8300F6A8F3 /* ListCell.h */,
				08D10A651BBC9D8300F6A8F3 /* ListCell.m */,
				08D10A5B1BBC767900F6A8F3 /* ListView.h */,
				08D10A5C1BBC767900F6A8F3 /* ListView.m */,
				082EE3B31C15EAD40016966F /* favViewController.h */,
				082EE3B41C15EAD40016966F /* favViewController.m */,
				084025631C0412BC00A925CE /* lib */,
				08D10A4A1BBC755100F6A8F3 /* ViewController.h */,
				08D10A4B1BBC755100F6A8F3 /* ViewController.m */,
				08D10A4D1BBC755100F6A8F3 /* Main.storyboard */,
				08D10A501BBC755100F6A8F3 /* Assets.xcassets */,
				08D10A521BBC755100F6A8F3 /* LaunchScreen.storyboard */,
				08D10A441BBC755100F6A8F3 /* Supporting Files */,
			);
			path = Cuisine;
			sourceTree = "<group>";
		};
		08D10A441BBC755100F6A8F3 /* Supporting Files */ = {
			isa = PBXGroup;
			children = (
				08D10A551BBC755100F6A8F3 /* Info.plist */,
				08D10A451BBC755100F6A8F3 /* main.m */,
			);
			name = "Supporting Files";
			sourceTree = "<group>";
		};
/* End PBXGroup section */

/* Begin PBXNativeTarget section */
		08D10A401BBC755100F6A8F3 /* Cuisine */ = {
			isa = PBXNativeTarget;
			buildConfigurationList = 08D10A581BBC755100F6A8F3 /* Build configuration list for PBXNativeTarget "Cuisine" */;
			buildPhases = (
				08D10A3D1BBC755100F6A8F3 /* Sources */,
				08D10A3E1BBC755100F6A8F3 /* Frameworks */,
				08D10A3F1BBC755100F6A8F3 /* Resources */,
			);
			buildRules = (
			);
			dependencies = (
			);
			name = Cuisine;
			productName = Cuisine;
			productReference = 08D10A411BBC755100F6A8F3 /* Cuisine.app */;
			productType = "com.apple.product-type.application";
		};
/* End PBXNativeTarget section */

/* Begin PBXProject section */
		08D10A391BBC755100F6A8F3 /* Project object */ = {
			isa = PBXProject;
			attributes = {
				LastUpgradeCheck = 0700;
				ORGANIZATIONNAME = "Yeehan Chan";
				TargetAttributes = {
					08D10A401BBC755100F6A8F3 = {
						CreatedOnToolsVersion = 7.0;
						DevelopmentTeam = 5754Z4QKXM;
					};
				};
			};
			buildConfigurationList = 08D10A3C1BBC755100F6A8F3 /* Build configuration list for PBXProject "Cuisine" */;
			compatibilityVersion = "Xcode 3.2";
			developmentRegion = English;
			hasScannedForEncodings = 0;
			knownRegions = (
				en,
				Base,
			);
			mainGroup = 08D10A381BBC755100F6A8F3;
			productRefGroup = 08D10A421BBC755100F6A8F3 /* Products */;
			projectDirPath = "";
			projectRoot = "";
			targets = (
				08D10A401BBC755100F6A8F3 /* Cuisine */,
			);
		};
/* End PBXProject section */

/* Begin PBXResourcesBuildPhase section */
		08D10A3F1BBC755100F6A8F3 /* Resources */ = {
			isa = PBXResourcesBuildPhase;
			buildActionMask = 2147483647;
			files = (
				08D10A541BBC755100F6A8F3 /* LaunchScreen.storyboard in Resources */,
				08D10A511BBC755100F6A8F3 /* Assets.xcassets in Resources */,
				08D10A4F1BBC755100F6A8F3 /* Main.storyboard in Resources */,
			);
			runOnlyForDeploymentPostprocessing = 0;
		};
/* End PBXResourcesBuildPhase section */

/* Begin PBXSourcesBuildPhase section */
		08D10A3D1BBC755100F6A8F3 /* Sources */ = {
			isa = PBXSourcesBuildPhase;
			buildActionMask = 2147483647;
			files = (
				082EE3B51C15EAD40016966F /* favViewController.m in Sources */,
				08D10A5D1BBC767900F6A8F3 /* ListView.m in Sources */,
				08B4AE691BDCB65300725B38 /* signUp.m in Sources */,
				3023091D1BDD6E9A0045CB98 /* AppDelegate.m in Sources */,
				08E52E161BD1A3FA00EDBE1F /* loginPageViewController.m in Sources */,
				08D10A4C1BBC755100F6A8F3 /* ViewController.m in Sources */,
				08B2C8941BD8253F00055413 /* mapViewController.m in Sources */,
				08D10A661BBC9D8300F6A8F3 /* ListCell.m in Sources */,
				08D10A461BBC755100F6A8F3 /* main.m in Sources */,
				08C9921D1BC5B304005DC9A7 /* detailPage.m in Sources */,
			);
			runOnlyForDeploymentPostprocessing = 0;
		};
/* End PBXSourcesBuildPhase section */

/* Begin PBXVariantGroup section */
		08D10A4D1BBC755100F6A8F3 /* Main.storyboard */ = {
			isa = PBXVariantGroup;
			children = (
				08D10A4E1BBC755100F6A8F3 /* Base */,
			);
			name = Main.storyboard;
			sourceTree = "<group>";
		};
		08D10A521BBC755100F6A8F3 /* LaunchScreen.storyboard */ = {
			isa = PBXVariantGroup;
			children = (
				08D10A531BBC755100F6A8F3 /* Base */,
			);
			name = LaunchScreen.storyboard;
			sourceTree = "<group>";
		};
/* End PBXVariantGroup section */

/* Begin XCBuildConfiguration section */
		08D10A561BBC755100F6A8F3 /* Debug */ = {
			isa = XCBuildConfiguration;
			buildSettings = {
				ALWAYS_SEARCH_USER_PATHS = NO;
				CLANG_CXX_LANGUAGE_STANDARD = "gnu++0x";
				CLANG_CXX_LIBRARY = "libc++";
				CLANG_ENABLE_MODULES = YES;
				CLANG_ENABLE_OBJC_ARC = YES;
				CLANG_WARN_BOOL_CONVERSION = YES;
				CLANG_WARN_CONSTANT_CONVERSION = YES;
				CLANG_WARN_DIRECT_OBJC_ISA_USAGE = YES_ERROR;
				CLANG_WARN_EMPTY_BODY = YES;
				CLANG_WARN_ENUM_CONVERSION = YES;
				CLANG_WARN_INT_CONVERSION = YES;
				CLANG_WARN_OBJC_ROOT_CLASS = YES_ERROR;
				CLANG_WARN_UNREACHABLE_CODE = YES;
				CLANG_WARN__DUPLICATE_METHOD_MATCH = YES;
				"CODE_SIGN_IDENTITY[sdk=iphoneos*]" = "iPhone Developer";
				COPY_PHASE_STRIP = NO;
				DEBUG_INFORMATION_FORMAT = dwarf;
				ENABLE_STRICT_OBJC_MSGSEND = YES;
				ENABLE_TESTABILITY = YES;
				GCC_C_LANGUAGE_STANDARD = gnu99;
				GCC_DYNAMIC_NO_PIC = NO;
				GCC_NO_COMMON_BLOCKS = YES;
				GCC_OPTIMIZATION_LEVEL = 0;
				GCC_PREPROCESSOR_DEFINITIONS = (
					"DEBUG=1",
					"$(inherited)",
				);
				GCC_WARN_64_TO_32_BIT_CONVERSION = YES;
				GCC_WARN_ABOUT_RETURN_TYPE = YES_ERROR;
				GCC_WARN_UNDECLARED_SELECTOR = YES;
				GCC_WARN_UNINITIALIZED_AUTOS = YES_AGGRESSIVE;
				GCC_WARN_UNUSED_FUNCTION = YES;
				GCC_WARN_UNUSED_VARIABLE = YES;
				IPHONEOS_DEPLOYMENT_TARGET = 9.0;
				MTL_ENABLE_DEBUG_INFO = YES;
				ONLY_ACTIVE_ARCH = YES;
				SDKROOT = iphoneos;
			};
			name = Debug;
		};
		08D10A571BBC755100F6A8F3 /* Release */ = {
			isa = XCBuildConfiguration;
			buildSettings = {
				ALWAYS_SEARCH_USER_PATHS = NO;
				CLANG_CXX_LANGUAGE_STANDARD = "gnu++0x";
				CLANG_CXX_LIBRARY = "libc++";
				CLANG_ENABLE_MODULES = YES;
				CLANG_ENABLE_OBJC_ARC = YES;
				CLANG_WARN_BOOL_CONVERSION = YES;
				CLANG_WARN_CONSTANT_CONVERSION = YES;
				CLANG_WARN_DIRECT_OBJC_ISA_USAGE = YES_ERROR;
				CLANG_WARN_EMPTY_BODY = YES;
				CLANG_WARN_ENUM_CONVERSION = YES;
				CLANG_WARN_INT_CONVERSION = YES;
				CLANG_WARN_OBJC_ROOT_CLASS = YES_ERROR;
				CLANG_WARN_UNREACHABLE_CODE = YES;
				CLANG_WARN__DUPLICATE_METHOD_MATCH = YES;
				"CODE_SIGN_IDENTITY[sdk=iphoneos*]" = "iPhone Developer";
				COPY_PHASE_STRIP = NO;
				DEBUG_INFORMATION_FORMAT = "dwarf-with-dsym";
				ENABLE_NS_ASSERTIONS = NO;
				ENABLE_STRICT_OBJC_MSGSEND = YES;
				GCC_C_LANGUAGE_STANDARD = gnu99;
				GCC_NO_COMMON_BLOCKS = YES;
				GCC_WARN_64_TO_32_BIT_CONVERSION = YES;
				GCC_WARN_ABOUT_RETURN_TYPE = YES_ERROR;
				GCC_WARN_UNDECLARED_SELECTOR = YES;
				GCC_WARN_UNINITIALIZED_AUTOS = YES_AGGRESSIVE;
				GCC_WARN_UNUSED_FUNCTION = YES;
				GCC_WARN_UNUSED_VARIABLE = YES;
				IPHONEOS_DEPLOYMENT_TARGET = 9.0;
				MTL_ENABLE_DEBUG_INFO = NO;
				SDKROOT = iphoneos;
				VALIDATE_PRODUCT = YES;
			};
			name = Release;
		};
		08D10A591BBC755100F6A8F3 /* Debug */ = {
			isa = XCBuildConfiguration;
			buildSettings = {
				ASSETCATALOG_COMPILER_APPICON_NAME = AppIcon;
				CODE_SIGN_IDENTITY = "iPhone Developer";
				"CODE_SIGN_IDENTITY[sdk=iphoneos*]" = "iPhone Developer";
				INFOPLIST_FILE = Cuisine/Info.plist;
				LD_RUNPATH_SEARCH_PATHS = "$(inherited) @executable_path/Frameworks";
				PRODUCT_BUNDLE_IDENTIFIER = "cs-2408.Cuisine";
				PRODUCT_NAME = "$(TARGET_NAME)";
				PROVISIONING_PROFILE = "";
			};
			name = Debug;
		};
		08D10A5A1BBC755100F6A8F3 /* Release */ = {
			isa = XCBuildConfiguration;
			buildSettings = {
				ASSETCATALOG_COMPILER_APPICON_NAME = AppIcon;
				CODE_SIGN_IDENTITY = "iPhone Developer";
				"CODE_SIGN_IDENTITY[sdk=iphoneos*]" = "iPhone Developer";
				INFOPLIST_FILE = Cuisine/Info.plist;
				LD_RUNPATH_SEARCH_PATHS = "$(inherited) @executable_path/Frameworks";
				PRODUCT_BUNDLE_IDENTIFIER = "cs-2408.Cuisine";
				PRODUCT_NAME = "$(TARGET_NAME)";
				PROVISIONING_PROFILE = "";
			};
			name = Release;
		};
/* End XCBuildConfiguration section */

/* Begin XCConfigurationList section */
		08D10A3C1BBC755100F6A8F3 /* Build configuration list for PBXProject "Cuisine" */ = {
			isa = XCConfigurationList;
			buildConfigurations = (
				08D10A561BBC755100F6A8F3 /* Debug */,
				08D10A571BBC755100F6A8F3 /* Release */,
			);
			defaultConfigurationIsVisible = 0;
			defaultConfigurationName = Release;
		};
		08D10A581BBC755100F6A8F3 /* Build configuration list for PBXNativeTarget "Cuisine" */ = {
			isa = XCConfigurationList;
			buildConfigurations = (
				08D10A591BBC755100F6A8F3 /* Debug */,
				08D10A5A1BBC755100F6A8F3 /* Release */,
			);
			defaultConfigurationIsVisible = 0;
			defaultConfigurationName = Release;
		};
/* End XCConfigurationList section */
	};
	rootObject = 08D10A391BBC755100F6A8F3 /* Project object */;
}
